Microsoft Visual Studio Solution File, Format Version 12.00
# Visual Studio Version 17
VisualStudioVersion = 17.2.32519.379
MinimumVisualStudioVersion = 10.0.40219.1
Project("{9A19103F-16F7-4668-BE54-9A1E7A4F7556}") = "HoopflixAPI", "HoopflixAPI\HoopflixAPI.csproj", "{79180D8B-1161-4629-A90B-C7281BC121EA}"
EndProject
Project("{FAE04EC0-301F-11D3-BF4B-00C04F79EFBC}") = "HoopflixAPI.Test", "..\HoopflixAPI.Test\HoopflixAPI.Test.csproj", "{8F444A9E-36F5-4659-BF97-ACD85298E9AE}"
EndProject
Global
	GlobalSection(SolutionConfigurationPlatforms) = preSolution
		Debug|Any CPU = Debug|Any CPU
		Release|Any CPU = Release|Any CPU
	EndGlobalSection
	GlobalSection(ProjectConfigurationPlatforms) = postSolution
		{79180D8B-1161-4629-A90B-C7281BC121EA}.Debug|Any CPU.ActiveCfg = Debug|Any CPU
		{79180D8B-1161-4629-A90B-C7281BC121EA}.Debug|Any CPU.Build.0 = Debug|Any CPU
		{79180D8B-1161-4629-A90B-C7281BC121EA}.Release|Any CPU.ActiveCfg = Release|Any CPU
		{79180D8B-1161-4629-A90B-C7281BC121EA}.Release|Any CPU.Build.0 = Release|Any CPU
		{8F444A9E-36F5-4659-BF97-ACD85298E9AE}.Debug|Any CPU.ActiveCfg = Debug|Any CPU
		{8F444A9E-36F5-4659-BF97-ACD85298E9AE}.Debug|Any CPU.Build.0 = Debug|Any CPU
		{8F444A9E-36F5-4659-BF97-ACD85298E9AE}.Release|Any CPU.ActiveCfg = Release|Any CPU
		{8F444A9E-36F5-4659-BF97-ACD85298E9AE}.Release|Any CPU.Build.0 = Release|Any CPU
	EndGlobalSection
	GlobalSection(SolutionProperties) = preSolution
		HideSolutionNode = FALSE
	EndGlobalSection
	GlobalSection(ExtensibilityGlobals) = postSolution
		SolutionGuid = {E69300AE-2A6B-4A49-A15A-FD6C5663B049}
	EndGlobalSection
EndGlobal
